<?xml version="1.0" encoding="UTF-8"?>
<Scheme
   version = "1.3">
   <BuildAction>
      <BuildActionEntries>
         <BuildActionEntry
            buildForRunning = "YES">
            <BuildableReference
               BuildableIdentifier = "primary"
               BlueprintIdentifier = "4E995E406C4EDDB9548DFB04"
               BuildableName = "VWProgressHUDDemo.app"
               BlueprintName = "VWProgressHUDDemo"
               ReferencedContainer = "container:VWProgressHUDDemo.xcodeproj">
            </BuildableReference>
         </BuildActionEntry>
      </BuildActionEntries>
   </BuildAction>
   <LaunchAction
      useCustomWorkingDirectory = "NO"
      buildConfiguration = "Debug">
      <BuildableProductRunnable>
         <BuildableReference
            BuildableIdentifier = "primary"
            BlueprintIdentifier = "4E995E406C4EDDB9548DFB04"
            BuildableName = "VWProgressHUDDemo.app"
            BlueprintName = "VWProgressHUDDemo"
            ReferencedContainer = "container:VWProgressHUDDemo.xcodeproj">
         </BuildableReference>
      </BuildableProductRunnable>
   </LaunchAction>
</Scheme>
