// !$*UTF8*$!
{
	archiveVersion = 1;
	classes = {
	};
	objectVersion = 46;
	objects = {

/* Begin PBXBuildFile section */
		C549D4B11BC8B43C00FCD86B /* SMProgressHUDLoadingView.m in Sources */ = {isa = PBXBuildFile; fileRef = C549D4B01BC8B43C00FCD86B /* SMProgressHUDLoadingView.m */; };
		C5D3395F1BCB506F00080200 /* SMProgressHUDAlertView.m in Sources */ = {isa = PBXBuildFile; fileRef = C5D3395E1BCB506F00080200 /* SMProgressHUDAlertView.m */; };
		C5D339621BCB65D800080200 /* SMProgressHUDTipView.m in Sources */ = {isa = PBXBuildFile; fileRef = C5D339611BCB65D800080200 /* SMProgressHUDTipView.m */; };
		C5D69C1A1BC7AD1900E3C2C5 /* main.m in Sources */ = {isa = PBXBuildFile; fileRef = C5D69C191BC7AD1900E3C2C5 /* main.m */; };
		C5D69C1D1BC7AD1900E3C2C5 /* AppDelegate.m in Sources */ = {isa = PBXBuildFile; fileRef = C5D69C1C1BC7AD1900E3C2C5 /* AppDelegate.m */; };
		C5D69C201BC7AD1900E3C2C5 /* ViewController.m in Sources */ = {isa = PBXBuildFile; fileRef = C5D69C1F1BC7AD1900E3C2C5 /* ViewController.m */; };
		C5D69C231BC7AD1900E3C2C5 /* Main.storyboard in Resources */ = {isa = PBXBuildFile; fileRef = C5D69C211BC7AD1900E3C2C5 /* Main.storyboard */; };
		C5D69C251BC7AD1900E3C2C5 /* Images.xcassets in Resources */ = {isa = PBXBuildFile; fileRef = C5D69C241BC7AD1900E3C2C5 /* Images.xcassets */; };
		C5D69C281BC7AD1900E3C2C5 /* LaunchScreen.xib in Resources */ = {isa = PBXBuildFile; fileRef = C5D69C261BC7AD1900E3C2C5 /* LaunchScreen.xib */; };
		C5D69C341BC7AD1900E3C2C5 /* SMProgressHUDTests.m in Sources */ = {isa = PBXBuildFile; fileRef = C5D69C331BC7AD1900E3C2C5 /* SMProgressHUDTests.m */; };
		C5D69C401BC7AEDE00E3C2C5 /* SMProgressHUD.m in Sources */ = {isa = PBXBuildFile; fileRef = C5D69C3F1BC7AEDE00E3C2C5 /* SMProgressHUD.m */; };
		C5D69C431BC7B1E600E3C2C5 /* progresshud.bundle in Resources */ = {isa = PBXBuildFile; fileRef = C5D69C421BC7B1E600E3C2C5 /* progresshud.bundle */; };
/* End PBXBuildFile section */

/* Begin PBXContainerItemProxy section */
		C5D69C2E1BC7AD1900E3C2C5 /* PBXContainerItemProxy */ = {
			isa = PBXContainerItemProxy;
			containerPortal = C5D69C0C1BC7AD1900E3C2C5 /* Project object */;
			proxyType = 1;
			remoteGlobalIDString = C5D69C131BC7AD1900E3C2C5;
			remoteInfo = SMProgressHUD;
		};
/* End PBXContainerItemProxy section */

/* Begin PBXFileReference section */
		C549D4AE1BC8B3CE00FCD86B /* SMProgressHUDConfigure.h */ = {isa = PBXFileReference; lastKnownFileType = sourcecode.c.h; path = SMProgressHUDConfigure.h; sourceTree = "<group>"; };
		C549D4AF1BC8B43C00FCD86B /* SMProgressHUDLoadingView.h */ = {isa = PBXFileReference; fileEncoding = 4; lastKnownFileType = sourcecode.c.h; path = SMProgressHUDLoadingView.h; sourceTree = "<group>"; };
		C549D4B01BC8B43C00FCD86B /* SMProgressHUDLoadingView.m */ = {isa = PBXFileReference; fileEncoding = 4; lastKnownFileType = sourcecode.c.objc; path = SMProgressHUDLoadingView.m; sourceTree = "<group>"; };
		C5D3395D1BCB506F00080200 /* SMProgressHUDAlertView.h */ = {isa = PBXFileReference; fileEncoding = 4; lastKnownFileType = sourcecode.c.h; path = SMProgressHUDAlertView.h; sourceTree = "<group>"; };
		C5D3395E1BCB506F00080200 /* SMProgressHUDAlertView.m */ = {isa = PBXFileReference; fileEncoding = 4; lastKnownFileType = sourcecode.c.objc; path = SMProgressHUDAlertView.m; sourceTree = "<group>"; };
		C5D339601BCB65D800080200 /* SMProgressHUDTipView.h */ = {isa = PBXFileReference; fileEncoding = 4; lastKnownFileType = sourcecode.c.h; path = SMProgressHUDTipView.h; sourceTree = "<group>"; };
		C5D339611BCB65D800080200 /* SMProgressHUDTipView.m */ = {isa = PBXFileReference; fileEncoding = 4; lastKnownFileType = sourcecode.c.objc; path = SMProgressHUDTipView.m; sourceTree = "<group>"; };
		C5D69C141BC7AD1900E3C2C5 /* SMProgressHUD.app */ = {isa = PBXFileReference; explicitFileType = wrapper.application; includeInIndex = 0; path = SMProgressHUD.app; sourceTree = BUILT_PRODUCTS_DIR; };
		C5D69C181BC7AD1900E3C2C5 /* Info.plist */ = {isa = PBXFileReference; lastKnownFileType = text.plist.xml; path = Info.plist; sourceTree = "<group>"; };
		C5D69C191BC7AD1900E3C2C5 /* main.m */ = {isa = PBXFileReference; lastKnownFileType = sourcecode.c.objc; path = main.m; sourceTree = "<group>"; };
		C5D69C1B1BC7AD1900E3C2C5 /* AppDelegate.h */ = {isa = PBXFileReference; lastKnownFileType = sourcecode.c.h; path = AppDelegate.h; sourceTree = "<group>"; };
		C5D69C1C1BC7AD1900E3C2C5 /* AppDelegate.m */ = {isa = PBXFileReference; lastKnownFileType = sourcecode.c.objc; path = AppDelegate.m; sourceTree = "<group>"; };
		C5D69C1E1BC7AD1900E3C2C5 /* ViewController.h */ = {isa = PBXFileReference; lastKnownFileType = sourcecode.c.h; path = ViewController.h; sourceTree = "<group>"; };
		C5D69C1F1BC7AD1900E3C2C5 /* ViewController.m */ = {isa = PBXFileReference; lastKnownFileType = sourcecode.c.objc; path = ViewController.m; sourceTree = "<group>"; };
		C5D69C221BC7AD1900E3C2C5 /* Base */ = {isa = PBXFileReference; lastKnownFileType = file.storyboard; name = Base; path = Base.lproj/Main.storyboard; sourceTree = "<group>"; };
		C5D69C241BC7AD1900E3C2C5 /* Images.xcassets */ = {isa = PBXFileReference; lastKnownFileType = folder.assetcatalog; path = Images.xcassets; sourceTree = "<group>"; };
		C5D69C271BC7AD1900E3C2C5 /* Base */ = {isa = PBXFileReference; lastKnownFileType = file.xib; name = Base; path = Base.lproj/LaunchScreen.xib; sourceTree = "<group>"; };
		C5D69C2D1BC7AD1900E3C2C5 /* SMProgressHUDTests.xctest */ = {isa = PBXFileReference; explicitFileType = wrapper.cfbundle; includeInIndex = 0; path = SMProgressHUDTests.xctest; sourceTree = BUILT_PRODUCTS_DIR; };
		C5D69C321BC7AD1900E3C2C5 /* Info.plist */ = {isa = PBXFileReference; lastKnownFileType = text.plist.xml; path = Info.plist; sourceTree = "<group>"; };
		C5D69C331BC7AD1900E3C2C5 /* SMProgressHUDTests.m */ = {isa = PBXFileReference; lastKnownFileType = sourcecode.c.objc; path = SMProgressHUDTests.m; sourceTree = "<group>"; };
		C5D69C3E1BC7AEDE00E3C2C5 /* SMProgressHUD.h */ = {isa = PBXFileReference; fileEncoding = 4; lastKnownFileType = sourcecode.c.h; path = SMProgressHUD.h; sourceTree = "<group>"; };
		C5D69C3F1BC7AEDE00E3C2C5 /* SMProgressHUD.m */ = {isa = PBXFileReference; fileEncoding = 4; lastKnownFileType = sourcecode.c.objc; path = SMProgressHUD.m; sourceTree = "<group>"; };
		C5D69C421BC7B1E600E3C2C5 /* progresshud.bundle */ = {isa = PBXFileReference; lastKnownFileType = "wrapper.plug-in"; path = progresshud.bundle; sourceTree = "<group>"; };
/* End PBXFileReference section */

/* Begin PBXFrameworksBuildPhase section */
		C5D69C111BC7AD1900E3C2C5 /* Frameworks */ = {
			isa = PBXFrameworksBuildPhase;
			buildActionMask = 2147483647;
			files = (
			);
			runOnlyForDeploymentPostprocessing = 0;
		};
		C5D69C2A1BC7AD1900E3C2C5 /* Frameworks */ = {
			isa = PBXFrameworksBuildPhase;
			buildActionMask = 2147483647;
			files = (
			);
			runOnlyForDeploymentPostprocessing = 0;
		};
/* End PBXFrameworksBuildPhase section */

/* Begin PBXGroup section */
		C5D69C0B1BC7AD1900E3C2C5 = {
			isa = PBXGroup;
			children = (
				C5D69C161BC7AD1900E3C2C5 /* SMProgressHUD */,
				C5D69C301BC7AD1900E3C2C5 /* SMProgressHUDTests */,
				C5D69C151BC7AD1900E3C2C5 /* Products */,
			);
			sourceTree = "<group>";
		};
		C5D69C151BC7AD1900E3C2C5 /* Products */ = {
			isa = PBXGroup;
			children = (
				C5D69C141BC7AD1900E3C2C5 /* SMProgressHUD.app */,
				C5D69C2D1BC7AD1900E3C2C5 /* SMProgressHUDTests.xctest */,
			);
			name = Products;
			sourceTree = "<group>";
		};
		C5D69C161BC7AD1900E3C2C5 /* SMProgressHUD */ = {
			isa = PBXGroup;
			children = (
				C5D69C3D1BC7AEBE00E3C2C5 /* SMProgressHUD */,
				C5D69C1B1BC7AD1900E3C2C5 /* AppDelegate.h */,
				C5D69C1C1BC7AD1900E3C2C5 /* AppDelegate.m */,
				C5D69C1E1BC7AD1900E3C2C5 /* ViewController.h */,
				C5D69C1F1BC7AD1900E3C2C5 /* ViewController.m */,
				C5D69C211BC7AD1900E3C2C5 /* Main.storyboard */,
				C5D69C241BC7AD1900E3C2C5 /* Images.xcassets */,
				C5D69C261BC7AD1900E3C2C5 /* LaunchScreen.xib */,
				C5D69C171BC7AD1900E3C2C5 /* Supporting Files */,
			);
			path = SMProgressHUD;
			sourceTree = "<group>";
		};
		C5D69C171BC7AD1900E3C2C5 /* Supporting Files */ = {
			isa = PBXGroup;
			children = (
				C5D69C181BC7AD1900E3C2C5 /* Info.plist */,
				C5D69C191BC7AD1900E3C2C5 /* main.m */,
			);
			name = "Supporting Files";
			sourceTree = "<group>";
		};
		C5D69C301BC7AD1900E3C2C5 /* SMProgressHUDTests */ = {
			isa = PBXGroup;
			children = (
				C5D69C331BC7AD1900E3C2C5 /* SMProgressHUDTests.m */,
				C5D69C311BC7AD1900E3C2C5 /* Supporting Files */,
			);
			path = SMProgressHUDTests;
			sourceTree = "<group>";
		};
		C5D69C311BC7AD1900E3C2C5 /* Supporting Files */ = {
			isa = PBXGroup;
			children = (
				C5D69C321BC7AD1900E3C2C5 /* Info.plist */,
			);
			name = "Supporting Files";
			sourceTree = "<group>";
		};
		C5D69C3D1BC7AEBE00E3C2C5 /* SMProgressHUD */ = {
			isa = PBXGroup;
			children = (
				C549D4AE1BC8B3CE00FCD86B /* SMProgressHUDConfigure.h */,
				C5D69C421BC7B1E600E3C2C5 /* progresshud.bundle */,
				C5D69C3E1BC7AEDE00E3C2C5 /* SMProgressHUD.h */,
				C5D69C3F1BC7AEDE00E3C2C5 /* SMProgressHUD.m */,
				C549D4AF1BC8B43C00FCD86B /* SMProgressHUDLoadingView.h */,
				C549D4B01BC8B43C00FCD86B /* SMProgressHUDLoadingView.m */,
				C5D3395D1BCB506F00080200 /* SMProgressHUDAlertView.h */,
				C5D3395E1BCB506F00080200 /* SMProgressHUDAlertView.m */,
				C5D339601BCB65D800080200 /* SMProgressHUDTipView.h */,
				C5D339611BCB65D800080200 /* SMProgressHUDTipView.m */,
			);
			path = SMProgressHUD;
			sourceTree = "<group>";
		};
/* End PBXGroup section */

/* Begin PBXNativeTarget section */
		C5D69C131BC7AD1900E3C2C5 /* SMProgressHUD */ = {
			isa = PBXNativeTarget;
			buildConfigurationList = C5D69C371BC7AD1900E3C2C5 /* Build configuration list for PBXNativeTarget "SMProgressHUD" */;
			buildPhases = (
				C5D69C101BC7AD1900E3C2C5 /* Sources */,
				C5D69C111BC7AD1900E3C2C5 /* Frameworks */,
				C5D69C121BC7AD1900E3C2C5 /* Resources */,
			);
			buildRules = (
			);
			dependencies = (
			);
			name = SMProgressHUD;
			productName = SMProgressHUD;
			productReference = C5D69C141BC7AD1900E3C2C5 /* SMProgressHUD.app */;
			productType = "com.apple.product-type.application";
		};
		C5D69C2C1BC7AD1900E3C2C5 /* SMProgressHUDTests */ = {
			isa = PBXNativeTarget;
			buildConfigurationList = C5D69C3A1BC7AD1900E3C2C5 /* Build configuration list for PBXNativeTarget "SMProgressHUDTests" */;
			buildPhases = (
				C5D69C291BC7AD1900E3C2C5 /* Sources */,
				C5D69C2A1BC7AD1900E3C2C5 /* Frameworks */,
				C5D69C2B1BC7AD1900E3C2C5 /* Resources */,
			);
			buildRules = (
			);
			dependencies = (
				C5D69C2F1BC7AD1900E3C2C5 /* PBXTargetDependency */,
			);
			name = SMProgressHUDTests;
			productName = SMProgressHUDTests;
			productReference = C5D69C2D1BC7AD1900E3C2C5 /* SMProgressHUDTests.xctest */;
			productType = "com.apple.product-type.bundle.unit-test";
		};
/* End PBXNativeTarget section */

/* Begin PBXProject section */
		C5D69C0C1BC7AD1900E3C2C5 /* Project object */ = {
			isa = PBXProject;
			attributes = {
				LastUpgradeCheck = 0640;
				ORGANIZATIONNAME = "Shenme Studio";
				TargetAttributes = {
					C5D69C131BC7AD1900E3C2C5 = {
						CreatedOnToolsVersion = 6.4;
					};
					C5D69C2C1BC7AD1900E3C2C5 = {
						CreatedOnToolsVersion = 6.4;
						TestTargetID = C5D69C131BC7AD1900E3C2C5;
					};
				};
			};
			buildConfigurationList = C5D69C0F1BC7AD1900E3C2C5 /* Build configuration list for PBXProject "SMProgressHUD" */;
			compatibilityVersion = "Xcode 3.2";
			developmentRegion = English;
			hasScannedForEncodings = 0;
			knownRegions = (
				en,
				Base,
			);
			mainGroup = C5D69C0B1BC7AD1900E3C2C5;
			productRefGroup = C5D69C151BC7AD1900E3C2C5 /* Products */;
			projectDirPath = "";
			projectRoot = "";
			targets = (
				C5D69C131BC7AD1900E3C2C5 /* SMProgressHUD */,
				C5D69C2C1BC7AD1900E3C2C5 /* SMProgressHUDTests */,
			);
		};
/* End PBXProject section */

/* Begin PBXResourcesBuildPhase section */
		C5D69C121BC7AD1900E3C2C5 /* Resources */ = {
			isa = PBXResourcesBuildPhase;
			buildActionMask = 2147483647;
			files = (
				C5D69C431BC7B1E600E3C2C5 /* progresshud.bundle in Resources */,
				C5D69C231BC7AD1900E3C2C5 /* Main.storyboard in Resources */,
				C5D69C281BC7AD1900E3C2C5 /* LaunchScreen.xib in Resources */,
				C5D69C251BC7AD1900E3C2C5 /* Images.xcassets in Resources */,
			);
			runOnlyForDeploymentPostprocessing = 0;
		};
		C5D69C2B1BC7AD1900E3C2C5 /* Resources */ = {
			isa = PBXResourcesBuildPhase;
			buildActionMask = 2147483647;
			files = (
			);
			runOnlyForDeploymentPostprocessing = 0;
		};
/* End PBXResourcesBuildPhase section */

/* Begin PBXSourcesBuildPhase section */
		C5D69C101BC7AD1900E3C2C5 /* Sources */ = {
			isa = PBXSourcesBuildPhase;
			buildActionMask = 2147483647;
			files = (
				C5D339621BCB65D800080200 /* SMProgressHUDTipView.m in Sources */,
				C5D3395F1BCB506F00080200 /* SMProgressHUDAlertView.m in Sources */,
				C5D69C401BC7AEDE00E3C2C5 /* SMProgressHUD.m in Sources */,
				C5D69C201BC7AD1900E3C2C5 /* ViewController.m in Sources */,
				C549D4B11BC8B43C00FCD86B /* SMProgressHUDLoadingView.m in Sources */,
				C5D69C1D1BC7AD1900E3C2C5 /* AppDelegate.m in Sources */,
				C5D69C1A1BC7AD1900E3C2C5 /* main.m in Sources */,
			);
			runOnlyForDeploymentPostprocessing = 0;
		};
		C5D69C291BC7AD1900E3C2C5 /* Sources */ = {
			isa = PBXSourcesBuildPhase;
			buildActionMask = 2147483647;
			files = (
				C5D69C341BC7AD1900E3C2C5 /* SMProgressHUDTests.m in Sources */,
			);
			runOnlyForDeploymentPostprocessing = 0;
		};
/* End PBXSourcesBuildPhase section */

/* Begin PBXTargetDependency section */
		C5D69C2F1BC7AD1900E3C2C5 /* PBXTargetDependency */ = {
			isa = PBXTargetDependency;
			target = C5D69C131BC7AD1900E3C2C5 /* SMProgressHUD */;
			targetProxy = C5D69C2E1BC7AD1900E3C2C5 /* PBXContainerItemProxy */;
		};
/* End PBXTargetDependency section */

/* Begin PBXVariantGroup section */
		C5D69C211BC7AD1900E3C2C5 /* Main.storyboard */ = {
			isa = PBXVariantGroup;
			children = (
				C5D69C221BC7AD1900E3C2C5 /* Base */,
			);
			name = Main.storyboard;
			sourceTree = "<group>";
		};
		C5D69C261BC7AD1900E3C2C5 /* LaunchScreen.xib */ = {
			isa = PBXVariantGroup;
			children = (
				C5D69C271BC7AD1900E3C2C5 /* Base */,
			);
			name = LaunchScreen.xib;
			sourceTree = "<group>";
		};
/* End PBXVariantGroup section */

/* Begin XCBuildConfiguration section */
		C5D69C351BC7AD1900E3C2C5 /* Debug */ = {
			isa = XCBuildConfiguration;
			buildSettings = {
				ALWAYS_SEARCH_USER_PATHS = NO;
				CLANG_CXX_LANGUAGE_STANDARD = "gnu++0x";
				CLANG_CXX_LIBRARY = "libc++";
				CLANG_ENABLE_MODULES = YES;
				CLANG_ENABLE_OBJC_ARC = YES;
				CLANG_WARN_BOOL_CONVERSION = YES;
				CLANG_WARN_CONSTANT_CONVERSION = YES;
				CLANG_WARN_DIRECT_OBJC_ISA_USAGE = YES_ERROR;
				CLANG_WARN_EMPTY_BODY = YES;
				CLANG_WARN_ENUM_CONVERSION = YES;
				CLANG_WARN_INT_CONVERSION = YES;
				CLANG_WARN_OBJC_ROOT_CLASS = YES_ERROR;
				CLANG_WARN_UNREACHABLE_CODE = YES;
				CLANG_WARN__DUPLICATE_METHOD_MATCH = YES;
				"CODE_SIGN_IDENTITY[sdk=iphoneos*]" = "iPhone Developer";
				COPY_PHASE_STRIP = NO;
				DEBUG_INFORMATION_FORMAT = "dwarf-with-dsym";
				ENABLE_STRICT_OBJC_MSGSEND = YES;
				GCC_C_LANGUAGE_STANDARD = gnu99;
				GCC_DYNAMIC_NO_PIC = NO;
				GCC_NO_COMMON_BLOCKS = YES;
				GCC_OPTIMIZATION_LEVEL = 0;
				GCC_PREPROCESSOR_DEFINITIONS = (
					"DEBUG=1",
					"$(inherited)",
				);
				GCC_SYMBOLS_PRIVATE_EXTERN = NO;
				GCC_WARN_64_TO_32_BIT_CONVERSION = YES;
				GCC_WARN_ABOUT_RETURN_TYPE = YES_ERROR;
				GCC_WARN_UNDECLARED_SELECTOR = YES;
				GCC_WARN_UNINITIALIZED_AUTOS = YES_AGGRESSIVE;
				GCC_WARN_UNUSED_FUNCTION = YES;
				GCC_WARN_UNUSED_VARIABLE = YES;
				IPHONEOS_DEPLOYMENT_TARGET = 8.4;
				MTL_ENABLE_DEBUG_INFO = YES;
				ONLY_ACTIVE_ARCH = YES;
				SDKROOT = iphoneos;
			};
			name = Debug;
		};
		C5D69C361BC7AD1900E3C2C5 /* Release */ = {
			isa = XCBuildConfiguration;
			buildSettings = {
				ALWAYS_SEARCH_USER_PATHS = NO;
				CLANG_CXX_LANGUAGE_STANDARD = "gnu++0x";
				CLANG_CXX_LIBRARY = "libc++";
				CLANG_ENABLE_MODULES = YES;
				CLANG_ENABLE_OBJC_ARC = YES;
				CLANG_WARN_BOOL_CONVERSION = YES;
				CLANG_WARN_CONSTANT_CONVERSION = YES;
				CLANG_WARN_DIRECT_OBJC_ISA_USAGE = YES_ERROR;
				CLANG_WARN_EMPTY_BODY = YES;
				CLANG_WARN_ENUM_CONVERSION = YES;
				CLANG_WARN_INT_CONVERSION = YES;
				CLANG_WARN_OBJC_ROOT_CLASS = YES_ERROR;
				CLANG_WARN_UNREACHABLE_CODE = YES;
				CLANG_WARN__DUPLICATE_METHOD_MATCH = YES;
				"CODE_SIGN_IDENTITY[sdk=iphoneos*]" = "iPhone Developer";
				COPY_PHASE_STRIP = NO;
				DEBUG_INFORMATION_FORMAT = "dwarf-with-dsym";
				ENABLE_NS_ASSERTIONS = NO;
				ENABLE_STRICT_OBJC_MSGSEND = YES;
				GCC_C_LANGUAGE_STANDARD = gnu99;
				GCC_NO_COMMON_BLOCKS = YES;
				GCC_WARN_64_TO_32_BIT_CONVERSION = YES;
				GCC_WARN_ABOUT_RETURN_TYPE = YES_ERROR;
				GCC_WARN_UNDECLARED_SELECTOR = YES;
				GCC_WARN_UNINITIALIZED_AUTOS = YES_AGGRESSIVE;
				GCC_WARN_UNUSED_FUNCTION = YES;
				GCC_WARN_UNUSED_VARIABLE = YES;
				IPHONEOS_DEPLOYMENT_TARGET = 8.4;
				MTL_ENABLE_DEBUG_INFO = NO;
				SDKROOT = iphoneos;
				VALIDATE_PRODUCT = YES;
			};
			name = Release;
		};
		C5D69C381BC7AD1900E3C2C5 /* Debug */ = {
			isa = XCBuildConfiguration;
			buildSettings = {
				ASSETCATALOG_COMPILER_APPICON_NAME = AppIcon;
				INFOPLIST_FILE = SMProgressHUD/Info.plist;
				LD_RUNPATH_SEARCH_PATHS = "$(inherited) @executable_path/Frameworks";
				PRODUCT_NAME = "$(TARGET_NAME)";
			};
			name = Debug;
		};
		C5D69C391BC7AD1900E3C2C5 /* Release */ = {
			isa = XCBuildConfiguration;
			buildSettings = {
				ASSETCATALOG_COMPILER_APPICON_NAME = AppIcon;
				INFOPLIST_FILE = SMProgressHUD/Info.plist;
				LD_RUNPATH_SEARCH_PATHS = "$(inherited) @executable_path/Frameworks";
				PRODUCT_NAME = "$(TARGET_NAME)";
			};
			name = Release;
		};
		C5D69C3B1BC7AD1900E3C2C5 /* Debug */ = {
			isa = XCBuildConfiguration;
			buildSettings = {
				BUNDLE_LOADER = "$(TEST_HOST)";
				FRAMEWORK_SEARCH_PATHS = (
					"$(SDKROOT)/Developer/Library/Frameworks",
					"$(inherited)",
				);
				GCC_PREPROCESSOR_DEFINITIONS = (
					"DEBUG=1",
					"$(inherited)",
				);
				INFOPLIST_FILE = SMProgressHUDTests/Info.plist;
				LD_RUNPATH_SEARCH_PATHS = "$(inherited) @executable_path/Frameworks @loader_path/Frameworks";
				PRODUCT_NAME = "$(TARGET_NAME)";
				TEST_HOST = "$(BUILT_PRODUCTS_DIR)/SMProgressHUD.app/SMProgressHUD";
			};
			name = Debug;
		};
		C5D69C3C1BC7AD1900E3C2C5 /* Release */ = {
			isa = XCBuildConfiguration;
			buildSettings = {
				BUNDLE_LOADER = "$(TEST_HOST)";
				FRAMEWORK_SEARCH_PATHS = (
					"$(SDKROOT)/Developer/Library/Frameworks",
					"$(inherited)",
				);
				INFOPLIST_FILE = SMProgressHUDTests/Info.plist;
				LD_RUNPATH_SEARCH_PATHS = "$(inherited) @executable_path/Frameworks @loader_path/Frameworks";
				PRODUCT_NAME = "$(TARGET_NAME)";
				TEST_HOST = "$(BUILT_PRODUCTS_DIR)/SMProgressHUD.app/SMProgressHUD";
			};
			name = Release;
		};
/* End XCBuildConfiguration section */

/* Begin XCConfigurationList section */
		C5D69C0F1BC7AD1900E3C2C5 /* Build configuration list for PBXProject "SMProgressHUD" */ = {
			isa = XCConfigurationList;
			buildConfigurations = (
				C5D69C351BC7AD1900E3C2C5 /* Debug */,
				C5D69C361BC7AD1900E3C2C5 /* Release */,
			);
			defaultConfigurationIsVisible = 0;
			defaultConfigurationName = Release;
		};
		C5D69C371BC7AD1900E3C2C5 /* Build configuration list for PBXNativeTarget "SMProgressHUD" */ = {
			isa = XCConfigurationList;
			buildConfigurations = (
				C5D69C381BC7AD1900E3C2C5 /* Debug */,
				C5D69C391BC7AD1900E3C2C5 /* Release */,
			);
			defaultConfigurationIsVisible = 0;
			defaultConfigurationName = Release;
		};
		C5D69C3A1BC7AD1900E3C2C5 /* Build configuration list for PBXNativeTarget "SMProgressHUDTests" */ = {
			isa = XCConfigurationList;
			buildConfigurations = (
				C5D69C3B1BC7AD1900E3C2C5 /* Debug */,
				C5D69C3C1BC7AD1900E3C2C5 /* Release */,
			);
			defaultConfigurationIsVisible = 0;
			defaultConfigurationName = Release;
		};
/* End XCConfigurationList section */
	};
	rootObject = C5D69C0C1BC7AD1900E3C2C5 /* Project object */;
}
