// !$*UTF8*$!
{
	archiveVersion = 1;
	classes = {
	};
	objectVersion = 46;
	objects = {

/* Begin PBXAggregateTarget section */
		CC42C6D21D38D30B00D9B80F /* VMPrgoressHUDFramework */ = {
			isa = PBXAggregateTarget;
			buildConfigurationList = CC42C6D31D38D30B00D9B80F /* Build configuration list for PBXAggregateTarget "VMPrgoressHUDFramework" */;
			buildPhases = (
				CC42C6D61D38D31200D9B80F /* ShellScript */,
			);
			dependencies = (
			);
			name = VMPrgoressHUDFramework;
			productName = VMPrgoressHUDFramework;
		};
/* End PBXAggregateTarget section */

/* Begin PBXBuildFile section */
		4E995334E9B77E93080E6C17 /* VWConfig.h in Headers */ = {isa = PBXBuildFile; fileRef = 4E9957BB1E838A020F42CEC8 /* VWConfig.h */; settings = {ATTRIBUTES = (Public, ); }; };
		4E9954C7A27F9034866AAC73 /* VWConfig.m in Sources */ = {isa = PBXBuildFile; fileRef = 4E9953A34507FD67FF2622B8 /* VWConfig.m */; };
		CC24AEDF1D3DAE8A00FEDF23 /* VWProgressHUD.bundle in Resources */ = {isa = PBXBuildFile; fileRef = CC24AEDE1D3DAE8A00FEDF23 /* VWProgressHUD.bundle */; };
		CC24AEE21D3DAEAC00FEDF23 /* VWMsgContentView.h in Headers */ = {isa = PBXBuildFile; fileRef = CC24AEE01D3DAEAC00FEDF23 /* VWMsgContentView.h */; settings = {ATTRIBUTES = (Public, ); }; };
		CC24AEE31D3DAEAC00FEDF23 /* VWMsgContentView.m in Sources */ = {isa = PBXBuildFile; fileRef = CC24AEE11D3DAEAC00FEDF23 /* VWMsgContentView.m */; };
		CC42C6A21D38CC2E00D9B80F /* VWProgressHUD.h in Headers */ = {isa = PBXBuildFile; fileRef = CC42C6A11D38CC2E00D9B80F /* VWProgressHUD.h */; settings = {ATTRIBUTES = (Public, ); }; };
		CC42C6CE1D38CCD500D9B80F /* VWProgressHUDManager.h in Headers */ = {isa = PBXBuildFile; fileRef = CC42C6CC1D38CCD500D9B80F /* VWProgressHUDManager.h */; settings = {ATTRIBUTES = (Public, ); }; };
		CC42C6CF1D38CCD500D9B80F /* VWProgressHUDManager.m in Sources */ = {isa = PBXBuildFile; fileRef = CC42C6CD1D38CCD500D9B80F /* VWProgressHUDManager.m */; };
		CC42C6D81D38D7AA00D9B80F /* VWProgressHUD.podspec in Resources */ = {isa = PBXBuildFile; fileRef = CC42C6D71D38D7AA00D9B80F /* VWProgressHUD.podspec */; };
		CC7F0C191D3CAB370045FC0D /* VWLoadingView.h in Headers */ = {isa = PBXBuildFile; fileRef = CC7F0C171D3CAB370045FC0D /* VWLoadingView.h */; settings = {ATTRIBUTES = (Public, ); }; };
		CC7F0C1A1D3CAB370045FC0D /* VWLoadingView.m in Sources */ = {isa = PBXBuildFile; fileRef = CC7F0C181D3CAB370045FC0D /* VWLoadingView.m */; };
		CC7F0C1D1D3CB2FF0045FC0D /* UIView+VWAutolayout.h in Headers */ = {isa = PBXBuildFile; fileRef = CC7F0C1B1D3CB2FF0045FC0D /* UIView+VWAutolayout.h */; };
		CC7F0C1E1D3CB2FF0045FC0D /* UIView+VWAutolayout.m in Sources */ = {isa = PBXBuildFile; fileRef = CC7F0C1C1D3CB2FF0045FC0D /* UIView+VWAutolayout.m */; };
/* End PBXBuildFile section */

/* Begin PBXFileReference section */
		4E9953A34507FD67FF2622B8 /* VWConfig.m */ = {isa = PBXFileReference; fileEncoding = 4; lastKnownFileType = sourcecode.c.objc; path = VWConfig.m; sourceTree = "<group>"; };
		4E9957BB1E838A020F42CEC8 /* VWConfig.h */ = {isa = PBXFileReference; fileEncoding = 4; lastKnownFileType = sourcecode.c.h; path = VWConfig.h; sourceTree = "<group>"; };
		CC24AEDE1D3DAE8A00FEDF23 /* VWProgressHUD.bundle */ = {isa = PBXFileReference; lastKnownFileType = "wrapper.plug-in"; path = VWProgressHUD.bundle; sourceTree = "<group>"; };
		CC24AEE01D3DAEAC00FEDF23 /* VWMsgContentView.h */ = {isa = PBXFileReference; fileEncoding = 4; lastKnownFileType = sourcecode.c.h; path = VWMsgContentView.h; sourceTree = "<group>"; };
		CC24AEE11D3DAEAC00FEDF23 /* VWMsgContentView.m */ = {isa = PBXFileReference; fileEncoding = 4; lastKnownFileType = sourcecode.c.objc; path = VWMsgContentView.m; sourceTree = "<group>"; };
		CC42C69E1D38CC2E00D9B80F /* VWProgressHUD.framework */ = {isa = PBXFileReference; explicitFileType = wrapper.framework; includeInIndex = 0; path = VWProgressHUD.framework; sourceTree = BUILT_PRODUCTS_DIR; };
		CC42C6A11D38CC2E00D9B80F /* VWProgressHUD.h */ = {isa = PBXFileReference; lastKnownFileType = sourcecode.c.h; path = VWProgressHUD.h; sourceTree = "<group>"; };
		CC42C6A31D38CC2E00D9B80F /* Info.plist */ = {isa = PBXFileReference; lastKnownFileType = text.plist.xml; path = Info.plist; sourceTree = "<group>"; };
		CC42C6CC1D38CCD500D9B80F /* VWProgressHUDManager.h */ = {isa = PBXFileReference; fileEncoding = 4; lastKnownFileType = sourcecode.c.h; path = VWProgressHUDManager.h; sourceTree = "<group>"; };
		CC42C6CD1D38CCD500D9B80F /* VWProgressHUDManager.m */ = {isa = PBXFileReference; fileEncoding = 4; lastKnownFileType = sourcecode.c.objc; path = VWProgressHUDManager.m; sourceTree = "<group>"; };
		CC42C6D71D38D7AA00D9B80F /* VWProgressHUD.podspec */ = {isa = PBXFileReference; fileEncoding = 4; lastKnownFileType = text; path = VWProgressHUD.podspec; sourceTree = SOURCE_ROOT; };
		CC7F0C171D3CAB370045FC0D /* VWLoadingView.h */ = {isa = PBXFileReference; fileEncoding = 4; lastKnownFileType = sourcecode.c.h; path = VWLoadingView.h; sourceTree = "<group>"; };
		CC7F0C181D3CAB370045FC0D /* VWLoadingView.m */ = {isa = PBXFileReference; fileEncoding = 4; lastKnownFileType = sourcecode.c.objc; path = VWLoadingView.m; sourceTree = "<group>"; };
		CC7F0C1B1D3CB2FF0045FC0D /* UIView+VWAutolayout.h */ = {isa = PBXFileReference; fileEncoding = 4; lastKnownFileType = sourcecode.c.h; path = "UIView+VWAutolayout.h"; sourceTree = "<group>"; };
		CC7F0C1C1D3CB2FF0045FC0D /* UIView+VWAutolayout.m */ = {isa = PBXFileReference; fileEncoding = 4; lastKnownFileType = sourcecode.c.objc; path = "UIView+VWAutolayout.m"; sourceTree = "<group>"; };
/* End PBXFileReference section */

/* Begin PBXFrameworksBuildPhase section */
		CC42C69A1D38CC2E00D9B80F /* Frameworks */ = {
			isa = PBXFrameworksBuildPhase;
			buildActionMask = 2147483647;
			files = (
			);
			runOnlyForDeploymentPostprocessing = 0;
		};
/* End PBXFrameworksBuildPhase section */

/* Begin PBXGroup section */
		CC42C6941D38CC2E00D9B80F = {
			isa = PBXGroup;
			children = (
				CC42C6A01D38CC2E00D9B80F /* VWProgressHUD */,
				CC42C69F1D38CC2E00D9B80F /* Products */,
			);
			sourceTree = "<group>";
		};
		CC42C69F1D38CC2E00D9B80F /* Products */ = {
			isa = PBXGroup;
			children = (
				CC42C69E1D38CC2E00D9B80F /* VWProgressHUD.framework */,
			);
			name = Products;
			sourceTree = "<group>";
		};
		CC42C6A01D38CC2E00D9B80F /* VWProgressHUD */ = {
			isa = PBXGroup;
			children = (
				CC24AEDE1D3DAE8A00FEDF23 /* VWProgressHUD.bundle */,
				CC7F0C1F1D3CB4650045FC0D /* Config */,
				CC7F0C1B1D3CB2FF0045FC0D /* UIView+VWAutolayout.h */,
				CC7F0C1C1D3CB2FF0045FC0D /* UIView+VWAutolayout.m */,
				4E9957BB1E838A020F42CEC8 /* VWConfig.h */,
				4E9953A34507FD67FF2622B8 /* VWConfig.m */,
				CC7F0C171D3CAB370045FC0D /* VWLoadingView.h */,
				CC7F0C181D3CAB370045FC0D /* VWLoadingView.m */,
				CC42C6A11D38CC2E00D9B80F /* VWProgressHUD.h */,
				CC42C6CC1D38CCD500D9B80F /* VWProgressHUDManager.h */,
				CC42C6CD1D38CCD500D9B80F /* VWProgressHUDManager.m */,
				CC24AEE01D3DAEAC00FEDF23 /* VWMsgContentView.h */,
				CC24AEE11D3DAEAC00FEDF23 /* VWMsgContentView.m */,
			);
			path = VWProgressHUD;
			sourceTree = "<group>";
		};
		CC7F0C1F1D3CB4650045FC0D /* Config */ = {
			isa = PBXGroup;
			children = (
				CC42C6D71D38D7AA00D9B80F /* VWProgressHUD.podspec */,
				CC42C6A31D38CC2E00D9B80F /* Info.plist */,
			);
			name = Config;
			sourceTree = "<group>";
		};
/* End PBXGroup section */

/* Begin PBXHeadersBuildPhase section */
		CC42C69B1D38CC2E00D9B80F /* Headers */ = {
			isa = PBXHeadersBuildPhase;
			buildActionMask = 2147483647;
			files = (
				CC42C6CE1D38CCD500D9B80F /* VWProgressHUDManager.h in Headers */,
				CC24AEE21D3DAEAC00FEDF23 /* VWMsgContentView.h in Headers */,
				CC7F0C191D3CAB370045FC0D /* VWLoadingView.h in Headers */,
				4E995334E9B77E93080E6C17 /* VWConfig.h in Headers */,
				CC7F0C1D1D3CB2FF0045FC0D /* UIView+VWAutolayout.h in Headers */,
				CC42C6A21D38CC2E00D9B80F /* VWProgressHUD.h in Headers */,
			);
			runOnlyForDeploymentPostprocessing = 0;
		};
/* End PBXHeadersBuildPhase section */

/* Begin PBXNativeTarget section */
		CC42C69D1D38CC2E00D9B80F /* VWProgressHUD */ = {
			isa = PBXNativeTarget;
			buildConfigurationList = CC42C6A61D38CC2E00D9B80F /* Build configuration list for PBXNativeTarget "VWProgressHUD" */;
			buildPhases = (
				CC42C6991D38CC2E00D9B80F /* Sources */,
				CC42C69A1D38CC2E00D9B80F /* Frameworks */,
				CC42C69B1D38CC2E00D9B80F /* Headers */,
				CC42C69C1D38CC2E00D9B80F /* Resources */,
			);
			buildRules = (
			);
			dependencies = (
			);
			name = VWProgressHUD;
			productName = VWProgressHUD;
			productReference = CC42C69E1D38CC2E00D9B80F /* VWProgressHUD.framework */;
			productType = "com.apple.product-type.framework";
		};
/* End PBXNativeTarget section */

/* Begin PBXProject section */
		CC42C6951D38CC2E00D9B80F /* Project object */ = {
			isa = PBXProject;
			attributes = {
				CLASSPREFIX = VW;
				LastUpgradeCheck = 0730;
				ORGANIZATIONNAME = Vaith;
				TargetAttributes = {
					CC42C69D1D38CC2E00D9B80F = {
						CreatedOnToolsVersion = 7.3.1;
					};
					CC42C6D21D38D30B00D9B80F = {
						CreatedOnToolsVersion = 7.3.1;
					};
				};
			};
			buildConfigurationList = CC42C6981D38CC2E00D9B80F /* Build configuration list for PBXProject "VWProgressHUD" */;
			compatibilityVersion = "Xcode 3.2";
			developmentRegion = English;
			hasScannedForEncodings = 0;
			knownRegions = (
				en,
			);
			mainGroup = CC42C6941D38CC2E00D9B80F;
			productRefGroup = CC42C69F1D38CC2E00D9B80F /* Products */;
			projectDirPath = "";
			projectRoot = "";
			targets = (
				CC42C69D1D38CC2E00D9B80F /* VWProgressHUD */,
				CC42C6D21D38D30B00D9B80F /* VMPrgoressHUDFramework */,
			);
		};
/* End PBXProject section */

/* Begin PBXResourcesBuildPhase section */
		CC42C69C1D38CC2E00D9B80F /* Resources */ = {
			isa = PBXResourcesBuildPhase;
			buildActionMask = 2147483647;
			files = (
				CC42C6D81D38D7AA00D9B80F /* VWProgressHUD.podspec in Resources */,
				CC24AEDF1D3DAE8A00FEDF23 /* VWProgressHUD.bundle in Resources */,
			);
			runOnlyForDeploymentPostprocessing = 0;
		};
/* End PBXResourcesBuildPhase section */

/* Begin PBXShellScriptBuildPhase section */
		CC42C6D61D38D31200D9B80F /* ShellScript */ = {
			isa = PBXShellScriptBuildPhase;
			buildActionMask = 2147483647;
			files = (
			);
			inputPaths = (
			);
			outputPaths = (
			);
			runOnlyForDeploymentPostprocessing = 0;
			shellPath = /bin/sh;
			shellScript = "# Sets the target folders and the final framework product.\n# 如果工程名称和Framework的Target名称不一样的话，要自定义FMKNAME\n# 例如: FMK_NAME = \"MyFramework\"\nFMK_NAME=${PROJECT_NAME}\n# Install dir will be the final output to the framework.\n# The following line create it in the root folder of the current project.\nINSTALL_DIR=${SRCROOT}/Products/${FMK_NAME}.framework\n# Working dir will be deleted after the framework creation.\nWRK_DIR=build\nDEVICE_DIR=${WRK_DIR}/Release-iphoneos/${FMK_NAME}.framework\nSIMULATOR_DIR=${WRK_DIR}/Release-iphonesimulator/${FMK_NAME}.framework\n# -configuration ${CONFIGURATION}\n# Clean and Building both architectures.\nxcodebuild -configuration \"Release\" -target \"${FMK_NAME}\" -sdk iphoneos clean build\nxcodebuild -configuration \"Release\" -target \"${FMK_NAME}\" -sdk iphonesimulator clean build\n# Cleaning the oldest.\nif [ -d \"${INSTALL_DIR}\" ]\nthen\nrm -rf \"${INSTALL_DIR}\"\nfi\nmkdir -p \"${INSTALL_DIR}\"\ncp -R \"${DEVICE_DIR}/\" \"${INSTALL_DIR}/\"\n# Uses the Lipo Tool to merge both binary files (i386 + armv6/armv7) into one Universal final product.\nlipo -create \"${DEVICE_DIR}/${FMK_NAME}\" \"${SIMULATOR_DIR}/${FMK_NAME}\" -output \"${INSTALL_DIR}/${FMK_NAME}\"\nrm -r \"${WRK_DIR}\"\nopen \"${INSTALL_DIR}\"";
		};
/* End PBXShellScriptBuildPhase section */

/* Begin PBXSourcesBuildPhase section */
		CC42C6991D38CC2E00D9B80F /* Sources */ = {
			isa = PBXSourcesBuildPhase;
			buildActionMask = 2147483647;
			files = (
				CC7F0C1E1D3CB2FF0045FC0D /* UIView+VWAutolayout.m in Sources */,
				CC42C6CF1D38CCD500D9B80F /* VWProgressHUDManager.m in Sources */,
				CC7F0C1A1D3CAB370045FC0D /* VWLoadingView.m in Sources */,
				CC24AEE31D3DAEAC00FEDF23 /* VWMsgContentView.m in Sources */,
				4E9954C7A27F9034866AAC73 /* VWConfig.m in Sources */,
			);
			runOnlyForDeploymentPostprocessing = 0;
		};
/* End PBXSourcesBuildPhase section */

/* Begin XCBuildConfiguration section */
		CC42C6A41D38CC2E00D9B80F /* Debug */ = {
			isa = XCBuildConfiguration;
			buildSettings = {
				ALWAYS_SEARCH_USER_PATHS = NO;
				ARCHS = (
					"$(ARCHS_STANDARD)",
					armv7s,
				);
				CLANG_ANALYZER_NONNULL = YES;
				CLANG_CXX_LANGUAGE_STANDARD = "gnu++0x";
				CLANG_CXX_LIBRARY = "libc++";
				CLANG_ENABLE_MODULES = YES;
				CLANG_ENABLE_OBJC_ARC = YES;
				CLANG_WARN_BOOL_CONVERSION = YES;
				CLANG_WARN_CONSTANT_CONVERSION = YES;
				CLANG_WARN_DIRECT_OBJC_ISA_USAGE = YES_ERROR;
				CLANG_WARN_EMPTY_BODY = YES;
				CLANG_WARN_ENUM_CONVERSION = YES;
				CLANG_WARN_INT_CONVERSION = YES;
				CLANG_WARN_OBJC_ROOT_CLASS = YES_ERROR;
				CLANG_WARN_UNREACHABLE_CODE = YES;
				CLANG_WARN__DUPLICATE_METHOD_MATCH = YES;
				"CODE_SIGN_IDENTITY[sdk=iphoneos*]" = "iPhone Developer";
				COPY_PHASE_STRIP = NO;
				CURRENT_PROJECT_VERSION = 1;
				DEAD_CODE_STRIPPING = NO;
				DEBUG_INFORMATION_FORMAT = dwarf;
				ENABLE_STRICT_OBJC_MSGSEND = YES;
				ENABLE_TESTABILITY = YES;
				GCC_C_LANGUAGE_STANDARD = gnu99;
				GCC_DYNAMIC_NO_PIC = NO;
				GCC_NO_COMMON_BLOCKS = YES;
				GCC_OPTIMIZATION_LEVEL = 0;
				GCC_PREPROCESSOR_DEFINITIONS = (
					"DEBUG=1",
					"$(inherited)",
				);
				GCC_WARN_64_TO_32_BIT_CONVERSION = YES;
				GCC_WARN_ABOUT_RETURN_TYPE = YES_ERROR;
				GCC_WARN_UNDECLARED_SELECTOR = YES;
				GCC_WARN_UNINITIALIZED_AUTOS = YES_AGGRESSIVE;
				GCC_WARN_UNUSED_FUNCTION = YES;
				GCC_WARN_UNUSED_VARIABLE = YES;
				IPHONEOS_DEPLOYMENT_TARGET = 9.3;
				LINK_WITH_STANDARD_LIBRARIES = NO;
				MACH_O_TYPE = staticlib;
				MTL_ENABLE_DEBUG_INFO = YES;
				ONLY_ACTIVE_ARCH = NO;
				SDKROOT = iphoneos;
				TARGETED_DEVICE_FAMILY = "1,2";
				VERSIONING_SYSTEM = "apple-generic";
				VERSION_INFO_PREFIX = "";
			};
			name = Debug;
		};
		CC42C6A51D38CC2E00D9B80F /* Release */ = {
			isa = XCBuildConfiguration;
			buildSettings = {
				ALWAYS_SEARCH_USER_PATHS = NO;
				ARCHS = (
					"$(ARCHS_STANDARD)",
					armv7s,
				);
				CLANG_ANALYZER_NONNULL = YES;
				CLANG_CXX_LANGUAGE_STANDARD = "gnu++0x";
				CLANG_CXX_LIBRARY = "libc++";
				CLANG_ENABLE_MODULES = YES;
				CLANG_ENABLE_OBJC_ARC = YES;
				CLANG_WARN_BOOL_CONVERSION = YES;
				CLANG_WARN_CONSTANT_CONVERSION = YES;
				CLANG_WARN_DIRECT_OBJC_ISA_USAGE = YES_ERROR;
				CLANG_WARN_EMPTY_BODY = YES;
				CLANG_WARN_ENUM_CONVERSION = YES;
				CLANG_WARN_INT_CONVERSION = YES;
				CLANG_WARN_OBJC_ROOT_CLASS = YES_ERROR;
				CLANG_WARN_UNREACHABLE_CODE = YES;
				CLANG_WARN__DUPLICATE_METHOD_MATCH = YES;
				"CODE_SIGN_IDENTITY[sdk=iphoneos*]" = "iPhone Developer";
				COPY_PHASE_STRIP = NO;
				CURRENT_PROJECT_VERSION = 1;
				DEAD_CODE_STRIPPING = NO;
				DEBUG_INFORMATION_FORMAT = "dwarf-with-dsym";
				ENABLE_NS_ASSERTIONS = NO;
				ENABLE_STRICT_OBJC_MSGSEND = YES;
				GCC_C_LANGUAGE_STANDARD = gnu99;
				GCC_NO_COMMON_BLOCKS = YES;
				GCC_WARN_64_TO_32_BIT_CONVERSION = YES;
				GCC_WARN_ABOUT_RETURN_TYPE = YES_ERROR;
				GCC_WARN_UNDECLARED_SELECTOR = YES;
				GCC_WARN_UNINITIALIZED_AUTOS = YES_AGGRESSIVE;
				GCC_WARN_UNUSED_FUNCTION = YES;
				GCC_WARN_UNUSED_VARIABLE = YES;
				IPHONEOS_DEPLOYMENT_TARGET = 9.3;
				LINK_WITH_STANDARD_LIBRARIES = NO;
				MACH_O_TYPE = staticlib;
				MTL_ENABLE_DEBUG_INFO = NO;
				ONLY_ACTIVE_ARCH = NO;
				SDKROOT = iphoneos;
				TARGETED_DEVICE_FAMILY = "1,2";
				VALIDATE_PRODUCT = YES;
				VERSIONING_SYSTEM = "apple-generic";
				VERSION_INFO_PREFIX = "";
			};
			name = Release;
		};
		CC42C6A71D38CC2E00D9B80F /* Debug */ = {
			isa = XCBuildConfiguration;
			buildSettings = {
				DEFINES_MODULE = YES;
				DYLIB_COMPATIBILITY_VERSION = 1;
				DYLIB_CURRENT_VERSION = 1;
				DYLIB_INSTALL_NAME_BASE = "@rpath";
				INFOPLIST_FILE = VWProgressHUD/Info.plist;
				INSTALL_PATH = "$(LOCAL_LIBRARY_DIR)/Frameworks";
				LD_RUNPATH_SEARCH_PATHS = "$(inherited) @executable_path/Frameworks @loader_path/Frameworks";
				PRODUCT_BUNDLE_IDENTIFIER = xyz.vaith.VWProgressHUD;
				PRODUCT_NAME = "$(TARGET_NAME)";
				SKIP_INSTALL = YES;
			};
			name = Debug;
		};
		CC42C6A81D38CC2E00D9B80F /* Release */ = {
			isa = XCBuildConfiguration;
			buildSettings = {
				DEFINES_MODULE = YES;
				DYLIB_COMPATIBILITY_VERSION = 1;
				DYLIB_CURRENT_VERSION = 1;
				DYLIB_INSTALL_NAME_BASE = "@rpath";
				INFOPLIST_FILE = VWProgressHUD/Info.plist;
				INSTALL_PATH = "$(LOCAL_LIBRARY_DIR)/Frameworks";
				LD_RUNPATH_SEARCH_PATHS = "$(inherited) @executable_path/Frameworks @loader_path/Frameworks";
				PRODUCT_BUNDLE_IDENTIFIER = xyz.vaith.VWProgressHUD;
				PRODUCT_NAME = "$(TARGET_NAME)";
				SKIP_INSTALL = YES;
			};
			name = Release;
		};
		CC42C6D41D38D30B00D9B80F /* Debug */ = {
			isa = XCBuildConfiguration;
			buildSettings = {
				PRODUCT_NAME = "$(TARGET_NAME)";
			};
			name = Debug;
		};
		CC42C6D51D38D30B00D9B80F /* Release */ = {
			isa = XCBuildConfiguration;
			buildSettings = {
				PRODUCT_NAME = "$(TARGET_NAME)";
			};
			name = Release;
		};
/* End XCBuildConfiguration section */

/* Begin XCConfigurationList section */
		CC42C6981D38CC2E00D9B80F /* Build configuration list for PBXProject "VWProgressHUD" */ = {
			isa = XCConfigurationList;
			buildConfigurations = (
				CC42C6A41D38CC2E00D9B80F /* Debug */,
				CC42C6A51D38CC2E00D9B80F /* Release */,
			);
			defaultConfigurationIsVisible = 0;
			defaultConfigurationName = Release;
		};
		CC42C6A61D38CC2E00D9B80F /* Build configuration list for PBXNativeTarget "VWProgressHUD" */ = {
			isa = XCConfigurationList;
			buildConfigurations = (
				CC42C6A71D38CC2E00D9B80F /* Debug */,
				CC42C6A81D38CC2E00D9B80F /* Release */,
			);
			defaultConfigurationIsVisible = 0;
			defaultConfigurationName = Release;
		};
		CC42C6D31D38D30B00D9B80F /* Build configuration list for PBXAggregateTarget "VMPrgoressHUDFramework" */ = {
			isa = XCConfigurationList;
			buildConfigurations = (
				CC42C6D41D38D30B00D9B80F /* Debug */,
				CC42C6D51D38D30B00D9B80F /* Release */,
			);
			defaultConfigurationIsVisible = 0;
			defaultConfigurationName = Release;
		};
/* End XCConfigurationList section */
	};
	rootObject = CC42C6951D38CC2E00D9B80F /* Project object */;
}
